
Microsoft Visual Studio Solution File, Format Version 12.00
# Visual Studio 15
VisualStudioVersion = 15.0.27130.2027
MinimumVisualStudioVersion = 10.0.40219.1
Project("{8BC9CEB8-8B4A-11D0-8D11-00A0C91BC942}") = "lab03", "src\lab03.vcxproj", "{F184FBF9-CB70-477E-AF5C-E83C4987361D}"
EndProject
Global
	GlobalSection(SolutionConfigurationPlatforms) = preSolution
		Debug|x64 = Debug|x64
		Release|x64 = Release|x64
	EndGlobalSection
	GlobalSection(ProjectConfigurationPlatforms) = postSolution
		{F184FBF9-CB70-477E-AF5C-E83C4987361D}.Debug|x64.ActiveCfg = Debug|x64
		{F184FBF9-CB70-477E-AF5C-E83C4987361D}.Debug|x64.Build.0 = Debug|x64
		{F184FBF9-CB70-477E-AF5C-E83C4987361D}.Release|x64.ActiveCfg = Release|x64
		{F184FBF9-CB70-477E-AF5C-E83C4987361D}.Release|x64.Build.0 = Release|x64
	EndGlobalSection
	GlobalSection(SolutionProperties) = preSolution
		HideSolutionNode = FALSE
	EndGlobalSection
	GlobalSection(ExtensibilityGlobals) = postSolution
		SolutionGuid = {E434EF6A-0763-43B8-906B-C3AD3EC6AB8E}
	EndGlobalSection
EndGlobal
